{
  "name": "yaduil",
  "version": "0.0.1",
  "lockfileVersion": 2,
  "requires": true,
  "packages": {
    "": {
      "name": "yaduil",
      "version": "0.0.1",
      "license": "ISC",
      "dependencies": {
        "naivdom": "^0.0.4",
        "respondix": "^0.0.4",
        "tinytemplatec": "^0.0.3"
      },
      "devDependencies": {
        "typescript": "^4.0.3"
      }
    },
    "../compiler": {
      "version": "1.0.0",
      "extraneous": true,
      "license": "ISC",
      "devDependencies": {}
    },
    "../naivdom": {
      "version": "0.0.4",
      "extraneous": true,
      "license": "ISC"
    },
    "../respondix": {
      "version": "0.0.4",
      "extraneous": true,
      "license": "MIT",
      "devDependencies": {
        "@types/node": "^13.13.15",
        "typescript": "^4.2.3"
      }
    },
    "node_modules/naivdom": {
      "version": "0.0.4",
      "resolved": "https://registry.npmjs.org/naivdom/-/naivdom-0.0.4.tgz",
      "integrity": "sha512-aD075Bg8t6j1674upe9UuP+zubxUVNxw3MD75zQ1YS00u65LyWsilDGW7ORn7d0vXT5JmVwg+K4sugq3RT0XyA=="
    },
    "node_modules/respondix": {
      "version": "0.0.4",
      "resolved": "https://registry.npmjs.org/respondix/-/respondix-0.0.4.tgz",
      "integrity": "sha512-rUgoqQDbjAIcOhyusn/Jk4QDsjPL4/HncbuD9DJpPl0/uSG+OgvbRPgsK4UucCHt2ziQ0vj5WrtIschJTgUHHA=="
    },
    "node_modules/tinytemplatec": {
      "version": "0.0.3",
      "resolved": "https://registry.npmjs.org/tinytemplatec/-/tinytemplatec-0.0.3.tgz",
      "integrity": "sha512-zqknFgEY9kXByh+ghRfBqpnDcVE3PzqPpfWR9xPUNto7O31ywiyabYC3cO4wW9XSijzBYOa7cLnUew7GRf+c3w=="
    },
    "node_modules/typescript": {
      "version": "4.0.3",
      "resolved": "https://registry.npmjs.org/typescript/-/typescript-4.0.3.tgz",
      "integrity": "sha512-tEu6DGxGgRJPb/mVPIZ48e69xCn2yRmCgYmDugAVwmJ6o+0u1RI18eO7E7WBTLYLaEVVOhwQmcdhQHweux/WPg==",
      "dev": true,
      "bin": {
        "tsc": "bin/tsc",
        "tsserver": "bin/tsserver"
      },
      "engines": {
        "node": ">=4.2.0"
      }
    }
  },
  "dependencies": {
    "naivdom": {
      "version": "0.0.4",
      "resolved": "https://registry.npmjs.org/naivdom/-/naivdom-0.0.4.tgz",
      "integrity": "sha512-aD075Bg8t6j1674upe9UuP+zubxUVNxw3MD75zQ1YS00u65LyWsilDGW7ORn7d0vXT5JmVwg+K4sugq3RT0XyA=="
    },
    "respondix": {
      "version": "0.0.4",
      "resolved": "https://registry.npmjs.org/respondix/-/respondix-0.0.4.tgz",
      "integrity": "sha512-rUgoqQDbjAIcOhyusn/Jk4QDsjPL4/HncbuD9DJpPl0/uSG+OgvbRPgsK4UucCHt2ziQ0vj5WrtIschJTgUHHA=="
    },
    "tinytemplatec": {
      "version": "0.0.3",
      "resolved": "https://registry.npmjs.org/tinytemplatec/-/tinytemplatec-0.0.3.tgz",
      "integrity": "sha512-zqknFgEY9kXByh+ghRfBqpnDcVE3PzqPpfWR9xPUNto7O31ywiyabYC3cO4wW9XSijzBYOa7cLnUew7GRf+c3w=="
    },
    "typescript": {
      "version": "4.0.3",
      "resolved": "https://registry.npmjs.org/typescript/-/typescript-4.0.3.tgz",
      "integrity": "sha512-tEu6DGxGgRJPb/mVPIZ48e69xCn2yRmCgYmDugAVwmJ6o+0u1RI18eO7E7WBTLYLaEVVOhwQmcdhQHweux/WPg==",
      "dev": true
    }
  }
}
